
Microsoft Visual Studio Solution File, Format Version 12.00
# Visual Studio Version 17
VisualStudioVersion = 17.12.35707.178
MinimumVisualStudioVersion = 10.0.40219.1
Project("{2150E333-8FDC-42A3-9474-1A3956D46DE8}") = "Services", "Services", "{5DBF1DF7-88A5-4DA7-BEAB-3BC81647CA2E}"
EndProject
Project("{2150E333-8FDC-42A3-9474-1A3956D46DE8}") = "UtilityBlock", "UtilityBlock", "{64A582C7-066D-4178-9048-4F860A7BDC12}"
EndProject
Project("{FAE04EC0-301F-11D3-BF4B-00C04F79EFBC}") = "Eshop.Catalog.Api", "Services\Eshop.Catalog.Api\Eshop.Catalog.Api.csproj", "{E1DC6F7C-728B-4C2E-A371-045188A37B26}"
EndProject
Project("{FAE04EC0-301F-11D3-BF4B-00C04F79EFBC}") = "EshopUtilityBlock", "UtilityBlock\EshopUtilityBlock\EshopUtilityBlock.csproj", "{3BAB4A92-AFAD-4518-A060-81B012D00AE9}"
EndProject
Project("{E53339B2-1760-4266-BCC7-CA923CBCF16C}") = "docker-compose", "docker-compose.dcproj", "{E73B5589-20F7-44FB-9B95-4F4795B01932}"
EndProject
Project("{FAE04EC0-301F-11D3-BF4B-00C04F79EFBC}") = "Eshop.Basket.Api", "Services\Eshop.Basket.Api\Eshop.Basket.Api.csproj", "{A5F451C8-ED07-47EA-ADBC-2E5DD37572BB}"
EndProject
Global
	GlobalSection(SolutionConfigurationPlatforms) = preSolution
		Debug|Any CPU = Debug|Any CPU
		Release|Any CPU = Release|Any CPU
	EndGlobalSection
	GlobalSection(ProjectConfigurationPlatforms) = postSolution
		{E1DC6F7C-728B-4C2E-A371-045188A37B26}.Debug|Any CPU.ActiveCfg = Debug|Any CPU
		{E1DC6F7C-728B-4C2E-A371-045188A37B26}.Debug|Any CPU.Build.0 = Debug|Any CPU
		{E1DC6F7C-728B-4C2E-A371-045188A37B26}.Release|Any CPU.ActiveCfg = Release|Any CPU
		{E1DC6F7C-728B-4C2E-A371-045188A37B26}.Release|Any CPU.Build.0 = Release|Any CPU
		{3BAB4A92-AFAD-4518-A060-81B012D00AE9}.Debug|Any CPU.ActiveCfg = Debug|Any CPU
		{3BAB4A92-AFAD-4518-A060-81B012D00AE9}.Debug|Any CPU.Build.0 = Debug|Any CPU
		{3BAB4A92-AFAD-4518-A060-81B012D00AE9}.Release|Any CPU.ActiveCfg = Release|Any CPU
		{3BAB4A92-AFAD-4518-A060-81B012D00AE9}.Release|Any CPU.Build.0 = Release|Any CPU
		{E73B5589-20F7-44FB-9B95-4F4795B01932}.Debug|Any CPU.ActiveCfg = Debug|Any CPU
		{E73B5589-20F7-44FB-9B95-4F4795B01932}.Debug|Any CPU.Build.0 = Debug|Any CPU
		{E73B5589-20F7-44FB-9B95-4F4795B01932}.Release|Any CPU.ActiveCfg = Release|Any CPU
		{E73B5589-20F7-44FB-9B95-4F4795B01932}.Release|Any CPU.Build.0 = Release|Any CPU
		{A5F451C8-ED07-47EA-ADBC-2E5DD37572BB}.Debug|Any CPU.ActiveCfg = Debug|Any CPU
		{A5F451C8-ED07-47EA-ADBC-2E5DD37572BB}.Debug|Any CPU.Build.0 = Debug|Any CPU
		{A5F451C8-ED07-47EA-ADBC-2E5DD37572BB}.Release|Any CPU.ActiveCfg = Release|Any CPU
		{A5F451C8-ED07-47EA-ADBC-2E5DD37572BB}.Release|Any CPU.Build.0 = Release|Any CPU
	EndGlobalSection
	GlobalSection(SolutionProperties) = preSolution
		HideSolutionNode = FALSE
	EndGlobalSection
	GlobalSection(NestedProjects) = preSolution
		{E1DC6F7C-728B-4C2E-A371-045188A37B26} = {5DBF1DF7-88A5-4DA7-BEAB-3BC81647CA2E}
		{3BAB4A92-AFAD-4518-A060-81B012D00AE9} = {64A582C7-066D-4178-9048-4F860A7BDC12}
		{A5F451C8-ED07-47EA-ADBC-2E5DD37572BB} = {5DBF1DF7-88A5-4DA7-BEAB-3BC81647CA2E}
	EndGlobalSection
EndGlobal
